// !$*UTF8*$!
{
	archiveVersion = 1;
	classes = {
	};
	objectVersion = 46;
	objects = {

/* Begin PBXBuildFile section */
		519EE08817C0F61700487150 /* SocketTest.1 in CopyFiles */ = {isa = PBXBuildFile; fileRef = 519EE08717C0F61700487150 /* SocketTest.1 */; };
		519EE09017C11B8C00487150 /* timeloop.c in Sources */ = {isa = PBXBuildFile; fileRef = 519EE08517C0F61700487150 /* timeloop.c */; };
/* End PBXBuildFile section */

/* Begin PBXCopyFilesBuildPhase section */
		519EE08017C0F61700487150 /* CopyFiles */ = {
			isa = PBXCopyFilesBuildPhase;
			buildActionMask = 2147483647;
			dstPath = /usr/share/man/man1/;
			dstSubfolderSpec = 0;
			files = (
				519EE08817C0F61700487150 /* SocketTest.1 in CopyFiles */,
			);
			runOnlyForDeploymentPostprocessing = 1;
		};
/* End PBXCopyFilesBuildPhase section */

/* Begin PBXFileReference section */
		519EE08217C0F61700487150 /* SocketTest */ = {isa = PBXFileReference; explicitFileType = "compiled.mach-o.executable"; includeInIndex = 0; path = SocketTest; sourceTree = BUILT_PRODUCTS_DIR; };
		519EE08517C0F61700487150 /* timeloop.c */ = {isa = PBXFileReference; lastKnownFileType = sourcecode.c.c; path = timeloop.c; sourceTree = "<group>"; };
		519EE08717C0F61700487150 /* SocketTest.1 */ = {isa = PBXFileReference; lastKnownFileType = text.man; path = SocketTest.1; sourceTree = "<group>"; };
		519EE08E17C113D700487150 /* showip.c */ = {isa = PBXFileReference; fileEncoding = 4; lastKnownFileType = sourcecode.c.c; path = showip.c; sourceTree = "<group>"; };
/* End PBXFileReference section */

/* Begin PBXFrameworksBuildPhase section */
		519EE07F17C0F61700487150 /* Frameworks */ = {
			isa = PBXFrameworksBuildPhase;
			buildActionMask = 2147483647;
			files = (
			);
			runOnlyForDeploymentPostprocessing = 0;
		};
/* End PBXFrameworksBuildPhase section */

/* Begin PBXGroup section */
		519EE07917C0F61700487150 = {
			isa = PBXGroup;
			children = (
				519EE08417C0F61700487150 /* SocketTest */,
				519EE08317C0F61700487150 /* Products */,
			);
			sourceTree = "<group>";
		};
		519EE08317C0F61700487150 /* Products */ = {
			isa = PBXGroup;
			children = (
				519EE08217C0F61700487150 /* SocketTest */,
			);
			name = Products;
			sourceTree = "<group>";
		};
		519EE08417C0F61700487150 /* SocketTest */ = {
			isa = PBXGroup;
			children = (
				519EE08517C0F61700487150 /* timeloop.c */,
				519EE08717C0F61700487150 /* SocketTest.1 */,
				519EE08E17C113D700487150 /* showip.c */,
			);
			path = SocketTest;
			sourceTree = "<group>";
		};
/* End PBXGroup section */

/* Begin PBXNativeTarget section */
		519EE08117C0F61700487150 /* SocketTest */ = {
			isa = PBXNativeTarget;
			buildConfigurationList = 519EE08B17C0F61700487150 /* Build configuration list for PBXNativeTarget "SocketTest" */;
			buildPhases = (
				519EE07E17C0F61700487150 /* Sources */,
				519EE07F17C0F61700487150 /* Frameworks */,
				519EE08017C0F61700487150 /* CopyFiles */,
			);
			buildRules = (
			);
			dependencies = (
			);
			name = SocketTest;
			productName = SocketTest;
			productReference = 519EE08217C0F61700487150 /* SocketTest */;
			productType = "com.apple.product-type.tool";
		};
/* End PBXNativeTarget section */

/* Begin PBXProject section */
		519EE07A17C0F61700487150 /* Project object */ = {
			isa = PBXProject;
			attributes = {
				LastUpgradeCheck = 0460;
				ORGANIZATIONNAME = "John Uiterwyk";
			};
			buildConfigurationList = 519EE07D17C0F61700487150 /* Build configuration list for PBXProject "SocketTest" */;
			compatibilityVersion = "Xcode 3.2";
			developmentRegion = English;
			hasScannedForEncodings = 0;
			knownRegions = (
				en,
			);
			mainGroup = 519EE07917C0F61700487150;
			productRefGroup = 519EE08317C0F61700487150 /* Products */;
			projectDirPath = "";
			projectRoot = "";
			targets = (
				519EE08117C0F61700487150 /* SocketTest */,
			);
		};
/* End PBXProject section */

/* Begin PBXSourcesBuildPhase section */
		519EE07E17C0F61700487150 /* Sources */ = {
			isa = PBXSourcesBuildPhase;
			buildActionMask = 2147483647;
			files = (
				519EE09017C11B8C00487150 /* timeloop.c in Sources */,
			);
			runOnlyForDeploymentPostprocessing = 0;
		};
/* End PBXSourcesBuildPhase section */

/* Begin XCBuildConfiguration section */
		519EE08917C0F61700487150 /* Debug */ = {
			isa = XCBuildConfiguration;
			buildSettings = {
				ALWAYS_SEARCH_USER_PATHS = NO;
				ARCHS = "$(ARCHS_STANDARD_64_BIT)";
				CLANG_CXX_LANGUAGE_STANDARD = "gnu++0x";
				CLANG_CXX_LIBRARY = "libc++";
				CLANG_WARN_CONSTANT_CONVERSION = YES;
				CLANG_WARN_EMPTY_BODY = YES;
				CLANG_WARN_ENUM_CONVERSION = YES;
				CLANG_WARN_INT_CONVERSION = YES;
				CLANG_WARN__DUPLICATE_METHOD_MATCH = YES;
				COPY_PHASE_STRIP = NO;
				GCC_C_LANGUAGE_STANDARD = gnu99;
				GCC_DYNAMIC_NO_PIC = NO;
				GCC_ENABLE_OBJC_EXCEPTIONS = YES;
				GCC_OPTIMIZATION_LEVEL = 0;
				GCC_PREPROCESSOR_DEFINITIONS = (
					"DEBUG=1",
					"$(inherited)",
				);
				GCC_SYMBOLS_PRIVATE_EXTERN = NO;
				GCC_WARN_64_TO_32_BIT_CONVERSION = YES;
				GCC_WARN_ABOUT_RETURN_TYPE = YES;
				GCC_WARN_UNINITIALIZED_AUTOS = YES;
				GCC_WARN_UNUSED_VARIABLE = YES;
				MACOSX_DEPLOYMENT_TARGET = 10.8;
				ONLY_ACTIVE_ARCH = YES;
				SDKROOT = macosx;
			};
			name = Debug;
		};
		519EE08A17C0F61700487150 /* Release */ = {
			isa = XCBuildConfiguration;
			buildSettings = {
				ALWAYS_SEARCH_USER_PATHS = NO;
				ARCHS = "$(ARCHS_STANDARD_64_BIT)";
				CLANG_CXX_LANGUAGE_STANDARD = "gnu++0x";
				CLANG_CXX_LIBRARY = "libc++";
				CLANG_WARN_CONSTANT_CONVERSION = YES;
				CLANG_WARN_EMPTY_BODY = YES;
				CLANG_WARN_ENUM_CONVERSION = YES;
				CLANG_WARN_INT_CONVERSION = YES;
				CLANG_WARN__DUPLICATE_METHOD_MATCH = YES;
				COPY_PHASE_STRIP = YES;
				DEBUG_INFORMATION_FORMAT = "dwarf-with-dsym";
				GCC_C_LANGUAGE_STANDARD = gnu99;
				GCC_ENABLE_OBJC_EXCEPTIONS = YES;
				GCC_WARN_64_TO_32_BIT_CONVERSION = YES;
				GCC_WARN_ABOUT_RETURN_TYPE = YES;
				GCC_WARN_UNINITIALIZED_AUTOS = YES;
				GCC_WARN_UNUSED_VARIABLE = YES;
				MACOSX_DEPLOYMENT_TARGET = 10.8;
				SDKROOT = macosx;
			};
			name = Release;
		};
		519EE08C17C0F61700487150 /* Debug */ = {
			isa = XCBuildConfiguration;
			buildSettings = {
				GCC_C_LANGUAGE_STANDARD = ansi;
				PRODUCT_NAME = "$(TARGET_NAME)";
			};
			name = Debug;
		};
		519EE08D17C0F61700487150 /* Release */ = {
			isa = XCBuildConfiguration;
			buildSettings = {
				GCC_C_LANGUAGE_STANDARD = ansi;
				PRODUCT_NAME = "$(TARGET_NAME)";
			};
			name = Release;
		};
/* End XCBuildConfiguration section */

/* Begin XCConfigurationList section */
		519EE07D17C0F61700487150 /* Build configuration list for PBXProject "SocketTest" */ = {
			isa = XCConfigurationList;
			buildConfigurations = (
				519EE08917C0F61700487150 /* Debug */,
				519EE08A17C0F61700487150 /* Release */,
			);
			defaultConfigurationIsVisible = 0;
			defaultConfigurationName = Release;
		};
		519EE08B17C0F61700487150 /* Build configuration list for PBXNativeTarget "SocketTest" */ = {
			isa = XCConfigurationList;
			buildConfigurations = (
				519EE08C17C0F61700487150 /* Debug */,
				519EE08D17C0F61700487150 /* Release */,
			);
			defaultConfigurationIsVisible = 0;
		};
/* End XCConfigurationList section */
	};
	rootObject = 519EE07A17C0F61700487150 /* Project object */;
}
