// !$*UTF8*$!
{
	archiveVersion = 1;
	classes = {
	};
	objectVersion = 46;
	objects = {

/* Begin PBXBuildFile section */
		51E41FB517F82A71000A3591 /* tokenizer.c in Sources */ = {isa = PBXBuildFile; fileRef = 51E7C62617F7F4D30071E8AB /* tokenizer.c */; };
		51E41FB617F82A76000A3591 /* test_server.c in Sources */ = {isa = PBXBuildFile; fileRef = 51E7C64617F7F91D0071E8AB /* test_server.c */; };
		51E41FB717F82ADD000A3591 /* util.c in Sources */ = {isa = PBXBuildFile; fileRef = 51E7C62A17F7F4D30071E8AB /* util.c */; };
		51E41FB817F82AE6000A3591 /* config.c in Sources */ = {isa = PBXBuildFile; fileRef = 51E7C61717F7F4D30071E8AB /* config.c */; };
		51E7C64817F80F1F0071E8AB /* UdpLib.c in Sources */ = {isa = PBXBuildFile; fileRef = 51E7C62817F7F4D30071E8AB /* UdpLib.c */; };
		51E7C64917F80F230071E8AB /* SimLib.c in Sources */ = {isa = PBXBuildFile; fileRef = 51E7C62217F7F4D30071E8AB /* SimLib.c */; };
		51E7C64A17F80F270071E8AB /* TimeLoopLib.c in Sources */ = {isa = PBXBuildFile; fileRef = 51E7C62417F7F4D30071E8AB /* TimeLoopLib.c */; };
/* End PBXBuildFile section */

/* Begin PBXCopyFilesBuildPhase section */
		51E7C5EF17F7E41A0071E8AB /* CopyFiles */ = {
			isa = PBXCopyFilesBuildPhase;
			buildActionMask = 2147483647;
			dstPath = /usr/share/man/man1/;
			dstSubfolderSpec = 0;
			files = (
			);
			runOnlyForDeploymentPostprocessing = 1;
		};
/* End PBXCopyFilesBuildPhase section */

/* Begin PBXFileReference section */
		51E7C5F117F7E41A0071E8AB /* RoboDisplay */ = {isa = PBXFileReference; explicitFileType = "compiled.mach-o.executable"; includeInIndex = 0; path = RoboDisplay; sourceTree = BUILT_PRODUCTS_DIR; };
		51E7C61517F7F4D30071E8AB /* client.c */ = {isa = PBXFileReference; fileEncoding = 4; lastKnownFileType = sourcecode.c.c; path = client.c; sourceTree = "<group>"; };
		51E7C61617F7F4D30071E8AB /* client.h */ = {isa = PBXFileReference; fileEncoding = 4; lastKnownFileType = sourcecode.c.h; path = client.h; sourceTree = "<group>"; };
		51E7C61717F7F4D30071E8AB /* config.c */ = {isa = PBXFileReference; fileEncoding = 4; lastKnownFileType = sourcecode.c.c; path = config.c; sourceTree = "<group>"; };
		51E7C61817F7F4D30071E8AB /* config.h */ = {isa = PBXFileReference; fileEncoding = 4; lastKnownFileType = sourcecode.c.h; path = config.h; sourceTree = "<group>"; };
		51E7C61917F7F4D30071E8AB /* display.c */ = {isa = PBXFileReference; fileEncoding = 4; lastKnownFileType = sourcecode.c.c; path = display.c; sourceTree = "<group>"; };
		51E7C61A17F7F4D30071E8AB /* display.h */ = {isa = PBXFileReference; fileEncoding = 4; lastKnownFileType = sourcecode.c.h; path = display.h; sourceTree = "<group>"; };
		51E7C61B17F7F4D30071E8AB /* InputUtil.c */ = {isa = PBXFileReference; fileEncoding = 4; lastKnownFileType = sourcecode.c.c; path = InputUtil.c; sourceTree = "<group>"; };
		51E7C61C17F7F4D30071E8AB /* InputUtil.h */ = {isa = PBXFileReference; fileEncoding = 4; lastKnownFileType = sourcecode.c.h; path = InputUtil.h; sourceTree = "<group>"; };
		51E7C61D17F7F4D30071E8AB /* main.c */ = {isa = PBXFileReference; fileEncoding = 4; lastKnownFileType = sourcecode.c.c; path = main.c; sourceTree = "<group>"; };
		51E7C61E17F7F4D30071E8AB /* Makefile */ = {isa = PBXFileReference; fileEncoding = 4; lastKnownFileType = sourcecode.make; path = Makefile; sourceTree = "<group>"; };
		51E7C61F17F7F4D30071E8AB /* robocakes.conf */ = {isa = PBXFileReference; fileEncoding = 4; lastKnownFileType = text; path = robocakes.conf; sourceTree = "<group>"; };
		51E7C62017F7F4D30071E8AB /* server.c */ = {isa = PBXFileReference; fileEncoding = 4; lastKnownFileType = sourcecode.c.c; path = server.c; sourceTree = "<group>"; };
		51E7C62117F7F4D30071E8AB /* server.h */ = {isa = PBXFileReference; fileEncoding = 4; lastKnownFileType = sourcecode.c.h; path = server.h; sourceTree = "<group>"; };
		51E7C62217F7F4D30071E8AB /* SimLib.c */ = {isa = PBXFileReference; fileEncoding = 4; lastKnownFileType = sourcecode.c.c; path = SimLib.c; sourceTree = "<group>"; };
		51E7C62317F7F4D30071E8AB /* SimLib.h */ = {isa = PBXFileReference; fileEncoding = 4; lastKnownFileType = sourcecode.c.h; path = SimLib.h; sourceTree = "<group>"; };
		51E7C62417F7F4D30071E8AB /* TimeLoopLib.c */ = {isa = PBXFileReference; fileEncoding = 4; lastKnownFileType = sourcecode.c.c; path = TimeLoopLib.c; sourceTree = "<group>"; };
		51E7C62517F7F4D30071E8AB /* TimeLoopLib.h */ = {isa = PBXFileReference; fileEncoding = 4; lastKnownFileType = sourcecode.c.h; path = TimeLoopLib.h; sourceTree = "<group>"; };
		51E7C62617F7F4D30071E8AB /* tokenizer.c */ = {isa = PBXFileReference; fileEncoding = 4; lastKnownFileType = sourcecode.c.c; path = tokenizer.c; sourceTree = "<group>"; };
		51E7C62717F7F4D30071E8AB /* tokenizer.h */ = {isa = PBXFileReference; fileEncoding = 4; lastKnownFileType = sourcecode.c.h; path = tokenizer.h; sourceTree = "<group>"; };
		51E7C62817F7F4D30071E8AB /* UdpLib.c */ = {isa = PBXFileReference; fileEncoding = 4; lastKnownFileType = sourcecode.c.c; path = UdpLib.c; sourceTree = "<group>"; };
		51E7C62917F7F4D30071E8AB /* UdpLib.h */ = {isa = PBXFileReference; fileEncoding = 4; lastKnownFileType = sourcecode.c.h; path = UdpLib.h; sourceTree = "<group>"; };
		51E7C62A17F7F4D30071E8AB /* util.c */ = {isa = PBXFileReference; fileEncoding = 4; lastKnownFileType = sourcecode.c.c; path = util.c; sourceTree = "<group>"; };
		51E7C62B17F7F4D30071E8AB /* util.h */ = {isa = PBXFileReference; fileEncoding = 4; lastKnownFileType = sourcecode.c.h; path = util.h; sourceTree = "<group>"; };
		51E7C64617F7F91D0071E8AB /* test_server.c */ = {isa = PBXFileReference; fileEncoding = 4; lastKnownFileType = sourcecode.c.c; path = test_server.c; sourceTree = "<group>"; };
		51E7C64B17F80FFA0071E8AB /* test_client.c */ = {isa = PBXFileReference; fileEncoding = 4; lastKnownFileType = sourcecode.c.c; path = test_client.c; sourceTree = "<group>"; };
/* End PBXFileReference section */

/* Begin PBXFrameworksBuildPhase section */
		51E7C5EE17F7E41A0071E8AB /* Frameworks */ = {
			isa = PBXFrameworksBuildPhase;
			buildActionMask = 2147483647;
			files = (
			);
			runOnlyForDeploymentPostprocessing = 0;
		};
/* End PBXFrameworksBuildPhase section */

/* Begin PBXGroup section */
		51E7C5E817F7E41A0071E8AB = {
			isa = PBXGroup;
			children = (
				51E7C61417F7F4D30071E8AB /* src */,
				51E7C5F217F7E41A0071E8AB /* Products */,
			);
			sourceTree = "<group>";
		};
		51E7C5F217F7E41A0071E8AB /* Products */ = {
			isa = PBXGroup;
			children = (
				51E7C5F117F7E41A0071E8AB /* RoboDisplay */,
			);
			name = Products;
			sourceTree = "<group>";
		};
		51E7C61417F7F4D30071E8AB /* src */ = {
			isa = PBXGroup;
			children = (
				51E7C64517F7F91D0071E8AB /* tests */,
				51E7C61517F7F4D30071E8AB /* client.c */,
				51E7C61617F7F4D30071E8AB /* client.h */,
				51E7C61717F7F4D30071E8AB /* config.c */,
				51E7C61817F7F4D30071E8AB /* config.h */,
				51E7C61917F7F4D30071E8AB /* display.c */,
				51E7C61A17F7F4D30071E8AB /* display.h */,
				51E7C61B17F7F4D30071E8AB /* InputUtil.c */,
				51E7C61C17F7F4D30071E8AB /* InputUtil.h */,
				51E7C61D17F7F4D30071E8AB /* main.c */,
				51E7C61E17F7F4D30071E8AB /* Makefile */,
				51E7C61F17F7F4D30071E8AB /* robocakes.conf */,
				51E7C62017F7F4D30071E8AB /* server.c */,
				51E7C62117F7F4D30071E8AB /* server.h */,
				51E7C62217F7F4D30071E8AB /* SimLib.c */,
				51E7C62317F7F4D30071E8AB /* SimLib.h */,
				51E7C62417F7F4D30071E8AB /* TimeLoopLib.c */,
				51E7C62517F7F4D30071E8AB /* TimeLoopLib.h */,
				51E7C62617F7F4D30071E8AB /* tokenizer.c */,
				51E7C62717F7F4D30071E8AB /* tokenizer.h */,
				51E7C62817F7F4D30071E8AB /* UdpLib.c */,
				51E7C62917F7F4D30071E8AB /* UdpLib.h */,
				51E7C62A17F7F4D30071E8AB /* util.c */,
				51E7C62B17F7F4D30071E8AB /* util.h */,
			);
			name = src;
			path = ../../src;
			sourceTree = "<group>";
		};
		51E7C64517F7F91D0071E8AB /* tests */ = {
			isa = PBXGroup;
			children = (
				51E7C64617F7F91D0071E8AB /* test_server.c */,
				51E7C64B17F80FFA0071E8AB /* test_client.c */,
			);
			path = tests;
			sourceTree = "<group>";
		};
/* End PBXGroup section */

/* Begin PBXNativeTarget section */
		51E7C5F017F7E41A0071E8AB /* RoboDisplay */ = {
			isa = PBXNativeTarget;
			buildConfigurationList = 51E7C5FA17F7E41A0071E8AB /* Build configuration list for PBXNativeTarget "RoboDisplay" */;
			buildPhases = (
				51E7C5ED17F7E41A0071E8AB /* Sources */,
				51E7C5EE17F7E41A0071E8AB /* Frameworks */,
				51E7C5EF17F7E41A0071E8AB /* CopyFiles */,
			);
			buildRules = (
			);
			dependencies = (
			);
			name = RoboDisplay;
			productName = RoboDisplay;
			productReference = 51E7C5F117F7E41A0071E8AB /* RoboDisplay */;
			productType = "com.apple.product-type.tool";
		};
/* End PBXNativeTarget section */

/* Begin PBXProject section */
		51E7C5E917F7E41A0071E8AB /* Project object */ = {
			isa = PBXProject;
			attributes = {
				LastUpgradeCheck = 0460;
				ORGANIZATIONNAME = "John Uiterwyk";
			};
			buildConfigurationList = 51E7C5EC17F7E41A0071E8AB /* Build configuration list for PBXProject "RoboDisplay" */;
			compatibilityVersion = "Xcode 3.2";
			developmentRegion = English;
			hasScannedForEncodings = 0;
			knownRegions = (
				en,
			);
			mainGroup = 51E7C5E817F7E41A0071E8AB;
			productRefGroup = 51E7C5F217F7E41A0071E8AB /* Products */;
			projectDirPath = "";
			projectRoot = "";
			targets = (
				51E7C5F017F7E41A0071E8AB /* RoboDisplay */,
			);
		};
/* End PBXProject section */

/* Begin PBXSourcesBuildPhase section */
		51E7C5ED17F7E41A0071E8AB /* Sources */ = {
			isa = PBXSourcesBuildPhase;
			buildActionMask = 2147483647;
			files = (
				51E41FB817F82AE6000A3591 /* config.c in Sources */,
				51E41FB717F82ADD000A3591 /* util.c in Sources */,
				51E41FB617F82A76000A3591 /* test_server.c in Sources */,
				51E41FB517F82A71000A3591 /* tokenizer.c in Sources */,
				51E7C64A17F80F270071E8AB /* TimeLoopLib.c in Sources */,
				51E7C64917F80F230071E8AB /* SimLib.c in Sources */,
				51E7C64817F80F1F0071E8AB /* UdpLib.c in Sources */,
			);
			runOnlyForDeploymentPostprocessing = 0;
		};
/* End PBXSourcesBuildPhase section */

/* Begin XCBuildConfiguration section */
		51E7C5F817F7E41A0071E8AB /* Debug */ = {
			isa = XCBuildConfiguration;
			buildSettings = {
				ALWAYS_SEARCH_USER_PATHS = NO;
				ARCHS = "$(ARCHS_STANDARD_64_BIT)";
				CLANG_CXX_LANGUAGE_STANDARD = "gnu++0x";
				CLANG_CXX_LIBRARY = "libc++";
				CLANG_WARN_CONSTANT_CONVERSION = YES;
				CLANG_WARN_EMPTY_BODY = YES;
				CLANG_WARN_ENUM_CONVERSION = YES;
				CLANG_WARN_INT_CONVERSION = YES;
				CLANG_WARN__DUPLICATE_METHOD_MATCH = YES;
				COPY_PHASE_STRIP = NO;
				GCC_C_LANGUAGE_STANDARD = gnu99;
				GCC_DYNAMIC_NO_PIC = NO;
				GCC_ENABLE_OBJC_EXCEPTIONS = YES;
				GCC_OPTIMIZATION_LEVEL = 0;
				GCC_PREPROCESSOR_DEFINITIONS = (
					"DEBUG=1",
					"$(inherited)",
				);
				GCC_SYMBOLS_PRIVATE_EXTERN = NO;
				GCC_WARN_64_TO_32_BIT_CONVERSION = YES;
				GCC_WARN_ABOUT_RETURN_TYPE = YES;
				GCC_WARN_UNINITIALIZED_AUTOS = YES;
				GCC_WARN_UNUSED_VARIABLE = YES;
				MACOSX_DEPLOYMENT_TARGET = 10.8;
				ONLY_ACTIVE_ARCH = YES;
				SDKROOT = macosx;
			};
			name = Debug;
		};
		51E7C5F917F7E41A0071E8AB /* Release */ = {
			isa = XCBuildConfiguration;
			buildSettings = {
				ALWAYS_SEARCH_USER_PATHS = NO;
				ARCHS = "$(ARCHS_STANDARD_64_BIT)";
				CLANG_CXX_LANGUAGE_STANDARD = "gnu++0x";
				CLANG_CXX_LIBRARY = "libc++";
				CLANG_WARN_CONSTANT_CONVERSION = YES;
				CLANG_WARN_EMPTY_BODY = YES;
				CLANG_WARN_ENUM_CONVERSION = YES;
				CLANG_WARN_INT_CONVERSION = YES;
				CLANG_WARN__DUPLICATE_METHOD_MATCH = YES;
				COPY_PHASE_STRIP = YES;
				DEBUG_INFORMATION_FORMAT = "dwarf-with-dsym";
				GCC_C_LANGUAGE_STANDARD = gnu99;
				GCC_ENABLE_OBJC_EXCEPTIONS = YES;
				GCC_WARN_64_TO_32_BIT_CONVERSION = YES;
				GCC_WARN_ABOUT_RETURN_TYPE = YES;
				GCC_WARN_UNINITIALIZED_AUTOS = YES;
				GCC_WARN_UNUSED_VARIABLE = YES;
				MACOSX_DEPLOYMENT_TARGET = 10.8;
				SDKROOT = macosx;
			};
			name = Release;
		};
		51E7C5FB17F7E41A0071E8AB /* Debug */ = {
			isa = XCBuildConfiguration;
			buildSettings = {
				PRODUCT_NAME = "$(TARGET_NAME)";
			};
			name = Debug;
		};
		51E7C5FC17F7E41A0071E8AB /* Release */ = {
			isa = XCBuildConfiguration;
			buildSettings = {
				PRODUCT_NAME = "$(TARGET_NAME)";
			};
			name = Release;
		};
/* End XCBuildConfiguration section */

/* Begin XCConfigurationList section */
		51E7C5EC17F7E41A0071E8AB /* Build configuration list for PBXProject "RoboDisplay" */ = {
			isa = XCConfigurationList;
			buildConfigurations = (
				51E7C5F817F7E41A0071E8AB /* Debug */,
				51E7C5F917F7E41A0071E8AB /* Release */,
			);
			defaultConfigurationIsVisible = 0;
			defaultConfigurationName = Release;
		};
		51E7C5FA17F7E41A0071E8AB /* Build configuration list for PBXNativeTarget "RoboDisplay" */ = {
			isa = XCConfigurationList;
			buildConfigurations = (
				51E7C5FB17F7E41A0071E8AB /* Debug */,
				51E7C5FC17F7E41A0071E8AB /* Release */,
			);
			defaultConfigurationIsVisible = 0;
			defaultConfigurationName = Release;
		};
/* End XCConfigurationList section */
	};
	rootObject = 51E7C5E917F7E41A0071E8AB /* Project object */;
}
